
Microsoft Visual Studio Solution File, Format Version 12.00
# Visual Studio Version 16
VisualStudioVersion = 16.0.31702.278
MinimumVisualStudioVersion = 10.0.40219.1
Project("{FAE04EC0-301F-11D3-BF4B-00C04F79EFBC}") = "FunKw", "FunKw\FunKw.csproj", "{5AB8C570-ED8C-48CF-B916-4240C13B416A}"
EndProject
Global
	GlobalSection(SolutionConfigurationPlatforms) = preSolution
		Debug|Any CPU = Debug|Any CPU
		Release|Any CPU = Release|Any CPU
	EndGlobalSection
	GlobalSection(ProjectConfigurationPlatforms) = postSolution
		{5AB8C570-ED8C-48CF-B916-4240C13B416A}.Debug|Any CPU.ActiveCfg = Debug|Any CPU
		{5AB8C570-ED8C-48CF-B916-4240C13B416A}.Debug|Any CPU.Build.0 = Debug|Any CPU
		{5AB8C570-ED8C-48CF-B916-4240C13B416A}.Release|Any CPU.ActiveCfg = Release|Any CPU
		{5AB8C570-ED8C-48CF-B916-4240C13B416A}.Release|Any CPU.Build.0 = Release|Any CPU
	EndGlobalSection
	GlobalSection(SolutionProperties) = preSolution
		HideSolutionNode = FALSE
	EndGlobalSection
	GlobalSection(ExtensibilityGlobals) = postSolution
		SolutionGuid = {C4F30BB9-DFDD-41BC-9700-3848F7F99826}
	EndGlobalSection
EndGlobal
